
Microsoft Visual Studio Solution File, Format Version 12.00
# Visual Studio Version 17
VisualStudioVersion = 17.6.33829.357
MinimumVisualStudioVersion = 10.0.40219.1
Project("{FAE04EC0-301F-11D3-BF4B-00C04F79EFBC}") = "Midterm_Review-2", "Midterm_Review-2\Midterm_Review-2.csproj", "{1CA0E3B3-D5B6-4CBA-977B-581501734BFD}"
EndProject
Global
	GlobalSection(SolutionConfigurationPlatforms) = preSolution
		Debug|Any CPU = Debug|Any CPU
		Release|Any CPU = Release|Any CPU
	EndGlobalSection
	GlobalSection(ProjectConfigurationPlatforms) = postSolution
		{1CA0E3B3-D5B6-4CBA-977B-581501734BFD}.Debug|Any CPU.ActiveCfg = Debug|Any CPU
		{1CA0E3B3-D5B6-4CBA-977B-581501734BFD}.Debug|Any CPU.Build.0 = Debug|Any CPU
		{1CA0E3B3-D5B6-4CBA-977B-581501734BFD}.Release|Any CPU.ActiveCfg = Release|Any CPU
		{1CA0E3B3-D5B6-4CBA-977B-581501734BFD}.Release|Any CPU.Build.0 = Release|Any CPU
	EndGlobalSection
	GlobalSection(SolutionProperties) = preSolution
		HideSolutionNode = FALSE
	EndGlobalSection
	GlobalSection(ExtensibilityGlobals) = postSolution
		SolutionGuid = {C28AE4D7-9616-4CDF-9043-FF5407F078A2}
	EndGlobalSection
EndGlobal
